
Microsoft Visual Studio Solution File, Format Version 12.00
Project("{FAE04EC0-301F-11D3-BF4B-00C04F79EFBC}") = "GeoLocationMService", "GeoLocationMService\GeoLocationMService.csproj", "{FF47C89F-D503-45F0-B180-EF72219457C2}"
EndProject
Project("{FAE04EC0-301F-11D3-BF4B-00C04F79EFBC}") = "ProductMService", "ProductMService\ProductMService.csproj", "{578D1591-F7EE-47EE-B98F-C433EB3B1265}"
EndProject
Project("{FAE04EC0-301F-11D3-BF4B-00C04F79EFBC}") = "BigPromoMService", "BigPromoMService\BigPromoMService.csproj", "{F64D4340-2E79-4FCC-B300-12105BB8AE4C}"
EndProject
Project("{FAE04EC0-301F-11D3-BF4B-00C04F79EFBC}") = "NewsMService", "NewsMService\NewsMService.csproj", "{2F03672D-50B6-446F-BF27-CEA42CD161D6}"
EndProject
Global
	GlobalSection(SolutionConfigurationPlatforms) = preSolution
		Debug|Any CPU = Debug|Any CPU
		Release|Any CPU = Release|Any CPU
	EndGlobalSection
	GlobalSection(ProjectConfigurationPlatforms) = postSolution
		{FF47C89F-D503-45F0-B180-EF72219457C2}.Debug|Any CPU.ActiveCfg = Debug|Any CPU
		{FF47C89F-D503-45F0-B180-EF72219457C2}.Debug|Any CPU.Build.0 = Debug|Any CPU
		{FF47C89F-D503-45F0-B180-EF72219457C2}.Release|Any CPU.ActiveCfg = Release|Any CPU
		{FF47C89F-D503-45F0-B180-EF72219457C2}.Release|Any CPU.Build.0 = Release|Any CPU
		{578D1591-F7EE-47EE-B98F-C433EB3B1265}.Debug|Any CPU.ActiveCfg = Debug|Any CPU
		{578D1591-F7EE-47EE-B98F-C433EB3B1265}.Debug|Any CPU.Build.0 = Debug|Any CPU
		{578D1591-F7EE-47EE-B98F-C433EB3B1265}.Release|Any CPU.ActiveCfg = Release|Any CPU
		{578D1591-F7EE-47EE-B98F-C433EB3B1265}.Release|Any CPU.Build.0 = Release|Any CPU
		{F64D4340-2E79-4FCC-B300-12105BB8AE4C}.Debug|Any CPU.ActiveCfg = Debug|Any CPU
		{F64D4340-2E79-4FCC-B300-12105BB8AE4C}.Debug|Any CPU.Build.0 = Debug|Any CPU
		{F64D4340-2E79-4FCC-B300-12105BB8AE4C}.Release|Any CPU.ActiveCfg = Release|Any CPU
		{F64D4340-2E79-4FCC-B300-12105BB8AE4C}.Release|Any CPU.Build.0 = Release|Any CPU
		{2F03672D-50B6-446F-BF27-CEA42CD161D6}.Debug|Any CPU.ActiveCfg = Debug|Any CPU
		{2F03672D-50B6-446F-BF27-CEA42CD161D6}.Debug|Any CPU.Build.0 = Debug|Any CPU
		{2F03672D-50B6-446F-BF27-CEA42CD161D6}.Release|Any CPU.ActiveCfg = Release|Any CPU
		{2F03672D-50B6-446F-BF27-CEA42CD161D6}.Release|Any CPU.Build.0 = Release|Any CPU
	EndGlobalSection
EndGlobal
